<Solution>
  <Configurations>
    <Platform Name="Any CPU" />
    <Platform Name="x86" />
  </Configurations>
  <Project Path="VinhKhanh.API/VinhKhanh.API.csproj" />
  <Project Path="VinhKhanh.Shared/VinhKhanh.Shared.csproj" />
  <Project Path="VinhKhanh/VinhKhanh.csproj">
    <Deploy Solution="Debug|Any CPU" />
  </Project>
</Solution>
