<Solution>
  <Configurations>
    <Platform Name="Any CPU" />
    <Platform Name="x86" />
  </Configurations>
  <Project Path="../VinhKhanh.API/VinhKhanh.API.csproj" />
  <Project Path="../VinhKhanh.Shared/VinhKhanh.Shared.csproj" />
  <Project Path="VinhKhanh.csproj">
    <Platform Solution="*|x86" Project="x86" />
    <Deploy Solution="Debug|*" />
  </Project>
</Solution>
